
Microsoft Visual Studio Solution File, Format Version 12.00
# Visual Studio 14
VisualStudioVersion = 14.0.23107.0
MinimumVisualStudioVersion = 10.0.40219.1
Project("{FAE04EC0-301F-11D3-BF4B-00C04F79EFBC}") = "NewSpek", "NewSpek\NewSpek.csproj", "{F691C3F8-0DEE-4111-836F-6049D11F2089}"
EndProject
Project("{2150E333-8FDC-42A3-9474-1A3956D46DE8}") = "PublishScripts", "PublishScripts", "{44DA475A-8ECF-4763-8994-6AE9294F16CE}"
EndProject
Project("{2150E333-8FDC-42A3-9474-1A3956D46DE8}") = "Scripts", "Scripts", "{7CDEF407-30D2-453F-B307-DE31AB194466}"
	ProjectSection(SolutionItems) = preProject
		PublishScripts\Scripts\Deploy-AzureResourceGroup.ps1 = PublishScripts\Scripts\Deploy-AzureResourceGroup.ps1
	EndProjectSection
EndProject
Project("{2150E333-8FDC-42A3-9474-1A3956D46DE8}") = "Templates", "Templates", "{AF3EEB5F-3D3A-4E5E-9A23-44A4845A018A}"
	ProjectSection(SolutionItems) = preProject
		PublishScripts\Templates\NewSpek.json = PublishScripts\Templates\NewSpek.json
		PublishScripts\Templates\NewSpek.param.dev.json = PublishScripts\Templates\NewSpek.param.dev.json
	EndProjectSection
EndProject
Global
	GlobalSection(SolutionConfigurationPlatforms) = preSolution
		Debug|Any CPU = Debug|Any CPU
		Release|Any CPU = Release|Any CPU
	EndGlobalSection
	GlobalSection(ProjectConfigurationPlatforms) = postSolution
		{F691C3F8-0DEE-4111-836F-6049D11F2089}.Debug|Any CPU.ActiveCfg = Debug|Any CPU
		{F691C3F8-0DEE-4111-836F-6049D11F2089}.Debug|Any CPU.Build.0 = Debug|Any CPU
		{F691C3F8-0DEE-4111-836F-6049D11F2089}.Release|Any CPU.ActiveCfg = Release|Any CPU
		{F691C3F8-0DEE-4111-836F-6049D11F2089}.Release|Any CPU.Build.0 = Release|Any CPU
	EndGlobalSection
	GlobalSection(SolutionProperties) = preSolution
		HideSolutionNode = FALSE
	EndGlobalSection
	GlobalSection(NestedProjects) = preSolution
		{7CDEF407-30D2-453F-B307-DE31AB194466} = {44DA475A-8ECF-4763-8994-6AE9294F16CE}
		{AF3EEB5F-3D3A-4E5E-9A23-44A4845A018A} = {44DA475A-8ECF-4763-8994-6AE9294F16CE}
	EndGlobalSection
EndGlobal
